{
  "name": "cartel-wars",
  "lockfileVersion": 3,
  "requires": true,
  "packages": {
    "": {
      "name": "cartel-wars",
      "workspaces": [
        "scripts"
      ]
    },
    "node_modules/cartel-wars-scripts": {
      "resolved": "scripts",
      "link": true
    },
    "scripts": {
      "name": "cartel-wars-scripts",
      "dependencies": {
        "pg": "^8.13.0",
        "playwright": "^1.63.0"
      }
    },
    "scripts/node_modules/pg": {
      "version": "8.23.0",
      "license": "MIT",
      "dependencies": {
        "pg-connection-string": "^2.14.0",
        "pg-pool": "^3.14.0",
        "pg-protocol": "^1.16.0",
        "pg-types": "2.2.0",
        "pgpass": "1.0.5"
      },
      "engines": {
        "node": ">= 16.0.0"
      },
      "optionalDependencies": {
        "pg-cloudflare": "^1.4.0"
      },
      "peerDependencies": {
        "pg-native": ">=3.0.1"
      },
      "peerDependenciesMeta": {
        "pg-native": {
          "optional": true
        }
      }
    },
    "scripts/node_modules/pg-cloudflare": {
      "version": "1.4.0",
      "license": "MIT",
      "optional": true
    },
    "scripts/node_modules/pg-connection-string": {
      "version": "2.14.0",
      "license": "MIT"
    },
    "scripts/node_modules/pg-int8": {
      "version": "1.0.1",
      "license": "ISC",
      "engines": {
        "node": ">=4.0.0"
      }
    },
    "scripts/node_modules/pg-pool": {
      "version": "3.14.0",
      "license": "MIT",
      "peerDependencies": {
        "pg": ">=8.0"
      }
    },
    "scripts/node_modules/pg-protocol": {
      "version": "1.16.0",
      "license": "MIT"
    },
    "scripts/node_modules/pg-types": {
      "version": "2.2.0",
      "license": "MIT",
      "dependencies": {
        "pg-int8": "1.0.1",
        "postgres-array": "~2.0.0",
        "postgres-bytea": "~1.0.0",
        "postgres-date": "~1.0.4",
        "postgres-interval": "^1.1.0"
      },
      "engines": {
        "node": ">=4"
      }
    },
    "scripts/node_modules/pgpass": {
      "version": "1.0.5",
      "license": "MIT",
      "dependencies": {
        "split2": "^4.1.0"
      }
    },
    "scripts/node_modules/playwright": {
      "version": "1.63.0",
      "license": "Apache-2.0",
      "dependencies": {
        "playwright-core": "1.63.0"
      },
      "bin": {
        "playwright": "cli.js"
      },
      "engines": {
        "node": ">=20"
      }
    },
    "scripts/node_modules/playwright-core": {
      "version": "1.63.0",
      "license": "Apache-2.0",
      "bin": {
        "playwright-core": "cli.js"
      },
      "engines": {
        "node": ">=20"
      }
    },
    "scripts/node_modules/postgres-array": {
      "version": "2.0.0",
      "license": "MIT",
      "engines": {
        "node": ">=4"
      }
    },
    "scripts/node_modules/postgres-bytea": {
      "version": "1.0.1",
      "license": "MIT",
      "engines": {
        "node": ">=0.10.0"
      }
    },
    "scripts/node_modules/postgres-date": {
      "version": "1.0.7",
      "license": "MIT",
      "engines": {
        "node": ">=0.10.0"
      }
    },
    "scripts/node_modules/postgres-interval": {
      "version": "1.2.0",
      "license": "MIT",
      "dependencies": {
        "xtend": "^4.0.0"
      },
      "engines": {
        "node": ">=0.10.0"
      }
    },
    "scripts/node_modules/split2": {
      "version": "4.2.0",
      "license": "ISC",
      "engines": {
        "node": ">= 10.x"
      }
    },
    "scripts/node_modules/xtend": {
      "version": "4.0.2",
      "license": "MIT",
      "engines": {
        "node": ">=0.4"
      }
    }
  }
}
